
Microsoft Visual Studio Solution File, Format Version 12.00
# Visual Studio Version 17
VisualStudioVersion = 17.5.002.0
MinimumVisualStudioVersion = 10.0.40219.1
Project("{9A19103F-16F7-4668-BE54-9A1E7A4F7556}") = "SupportCentral.Server", "SupportCentral.Server.csproj", "{EB320391-73EA-4FD7-85D5-B7ACD1D9BAC9}"
EndProject
Global
	GlobalSection(SolutionConfigurationPlatforms) = preSolution
		Debug|Any CPU = Debug|Any CPU
		Release|Any CPU = Release|Any CPU
	EndGlobalSection
	GlobalSection(ProjectConfigurationPlatforms) = postSolution
		{EB320391-73EA-4FD7-85D5-B7ACD1D9BAC9}.Debug|Any CPU.ActiveCfg = Debug|Any CPU
		{EB320391-73EA-4FD7-85D5-B7ACD1D9BAC9}.Debug|Any CPU.Build.0 = Debug|Any CPU
		{EB320391-73EA-4FD7-85D5-B7ACD1D9BAC9}.Release|Any CPU.ActiveCfg = Release|Any CPU
		{EB320391-73EA-4FD7-85D5-B7ACD1D9BAC9}.Release|Any CPU.Build.0 = Release|Any CPU
	EndGlobalSection
	GlobalSection(SolutionProperties) = preSolution
		HideSolutionNode = FALSE
	EndGlobalSection
	GlobalSection(ExtensibilityGlobals) = postSolution
		SolutionGuid = {9EA28DC0-F5C6-41EA-BD9F-7B3D75AABED8}
	EndGlobalSection
EndGlobal
